
Microsoft Visual Studio Solution File, Format Version 12.00
# Visual Studio Version 16
VisualStudioVersion = 16.0.30128.74
MinimumVisualStudioVersion = 10.0.40219.1
Project("{9A19103F-16F7-4668-BE54-9A1E7A4F7556}") = "Pyke", "Pyke\Pyke.csproj", "{D06125DA-7467-42C4-B586-603441BF59FD}"
EndProject
Project("{9A19103F-16F7-4668-BE54-9A1E7A4F7556}") = "Pyke.Example", "Pyke.Example\Pyke.Example.csproj", "{06A31286-7DC6-4585-B501-2BB263969442}"
EndProject
Project("{FAE04EC0-301F-11D3-BF4B-00C04F79EFBC}") = "Pyke.Tests", "Pyke.Tests\Pyke.Tests.csproj", "{13F88A95-7E78-428A-912D-F76F04C8CB31}"
EndProject
Global
	GlobalSection(SolutionConfigurationPlatforms) = preSolution
		Debug|Any CPU = Debug|Any CPU
		Release|Any CPU = Release|Any CPU
	EndGlobalSection
	GlobalSection(ProjectConfigurationPlatforms) = postSolution
		{D06125DA-7467-42C4-B586-603441BF59FD}.Debug|Any CPU.ActiveCfg = Debug|Any CPU
		{D06125DA-7467-42C4-B586-603441BF59FD}.Debug|Any CPU.Build.0 = Debug|Any CPU
		{D06125DA-7467-42C4-B586-603441BF59FD}.Release|Any CPU.ActiveCfg = Release|Any CPU
		{D06125DA-7467-42C4-B586-603441BF59FD}.Release|Any CPU.Build.0 = Release|Any CPU
		{06A31286-7DC6-4585-B501-2BB263969442}.Debug|Any CPU.ActiveCfg = Debug|Any CPU
		{06A31286-7DC6-4585-B501-2BB263969442}.Debug|Any CPU.Build.0 = Debug|Any CPU
		{06A31286-7DC6-4585-B501-2BB263969442}.Release|Any CPU.ActiveCfg = Release|Any CPU
		{06A31286-7DC6-4585-B501-2BB263969442}.Release|Any CPU.Build.0 = Release|Any CPU
		{13F88A95-7E78-428A-912D-F76F04C8CB31}.Debug|Any CPU.ActiveCfg = Debug|Any CPU
		{13F88A95-7E78-428A-912D-F76F04C8CB31}.Debug|Any CPU.Build.0 = Debug|Any CPU
		{13F88A95-7E78-428A-912D-F76F04C8CB31}.Release|Any CPU.ActiveCfg = Release|Any CPU
		{13F88A95-7E78-428A-912D-F76F04C8CB31}.Release|Any CPU.Build.0 = Release|Any CPU
	EndGlobalSection
	GlobalSection(SolutionProperties) = preSolution
		HideSolutionNode = FALSE
	EndGlobalSection
	GlobalSection(ExtensibilityGlobals) = postSolution
		SolutionGuid = {52F48B4E-826C-410D-B6F8-C31CF8FB2763}
	EndGlobalSection
EndGlobal
